{
  "nodes": {
    "nixpkgs": {
      "locked": {
        "lastModified": 1788139003,
        "narHash": "sha256-BBDrWRW8dKAilvt9HfVRRMmwTkSsDoc5ckhhme6ddcA=",
        "owner": "NixOS",
        "repo": "nixpkgs",
        "rev": "564e1729e9d32b4a634ac3b16b72a70e9d76f1ab",
        "type": "github"
      },
      "original": {
        "owner": "NixOS",
        "repo": "nixpkgs",
        "type": "github"
      }
    },
    "root": {
      "inputs": {
        "nixpkgs": "nixpkgs"
      }
    }
  },
  "root": "root",
  "version": 7
}
